
Microsoft Visual Studio Solution File, Format Version 12.00
# Visual Studio Version 17
VisualStudioVersion = 17.3.32901.215
MinimumVisualStudioVersion = 10.0.40219.1
Project("{FAE04EC0-301F-11D3-BF4B-00C04F79EFBC}") = "versek.Android", "versek\versek.Android\versek.Android.csproj", "{84FAC6A8-CC70-4878-AC96-547D629B0FB5}"
EndProject
Project("{FAE04EC0-301F-11D3-BF4B-00C04F79EFBC}") = "versek.iOS", "versek\versek.iOS\versek.iOS.csproj", "{4AD3B122-3A03-4326-9AC2-ED775E758723}"
EndProject
Project("{FAE04EC0-301F-11D3-BF4B-00C04F79EFBC}") = "versek", "versek\versek\versek.csproj", "{42EF6FC3-05EB-4641-86A3-52875497623C}"
EndProject
Global
	GlobalSection(SolutionConfigurationPlatforms) = preSolution
		Debug|Any CPU = Debug|Any CPU
		Debug|iPhone = Debug|iPhone
		Debug|iPhoneSimulator = Debug|iPhoneSimulator
		Release|Any CPU = Release|Any CPU
		Release|iPhone = Release|iPhone
		Release|iPhoneSimulator = Release|iPhoneSimulator
	EndGlobalSection
	GlobalSection(ProjectConfigurationPlatforms) = postSolution
		{84FAC6A8-CC70-4878-AC96-547D629B0FB5}.Debug|Any CPU.ActiveCfg = Debug|Any CPU
		{84FAC6A8-CC70-4878-AC96-547D629B0FB5}.Debug|Any CPU.Build.0 = Debug|Any CPU
		{84FAC6A8-CC70-4878-AC96-547D629B0FB5}.Debug|Any CPU.Deploy.0 = Debug|Any CPU
		{84FAC6A8-CC70-4878-AC96-547D629B0FB5}.Debug|iPhone.ActiveCfg = Debug|Any CPU
		{84FAC6A8-CC70-4878-AC96-547D629B0FB5}.Debug|iPhone.Build.0 = Debug|Any CPU
		{84FAC6A8-CC70-4878-AC96-547D629B0FB5}.Debug|iPhone.Deploy.0 = Debug|Any CPU
		{84FAC6A8-CC70-4878-AC96-547D629B0FB5}.Debug|iPhoneSimulator.ActiveCfg = Debug|Any CPU
		{84FAC6A8-CC70-4878-AC96-547D629B0FB5}.Debug|iPhoneSimulator.Build.0 = Debug|Any CPU
		{84FAC6A8-CC70-4878-AC96-547D629B0FB5}.Debug|iPhoneSimulator.Deploy.0 = Debug|Any CPU
		{84FAC6A8-CC70-4878-AC96-547D629B0FB5}.Release|Any CPU.ActiveCfg = Release|Any CPU
		{84FAC6A8-CC70-4878-AC96-547D629B0FB5}.Release|Any CPU.Build.0 = Release|Any CPU
		{84FAC6A8-CC70-4878-AC96-547D629B0FB5}.Release|Any CPU.Deploy.0 = Release|Any CPU
		{84FAC6A8-CC70-4878-AC96-547D629B0FB5}.Release|iPhone.ActiveCfg = Release|Any CPU
		{84FAC6A8-CC70-4878-AC96-547D629B0FB5}.Release|iPhone.Build.0 = Release|Any CPU
		{84FAC6A8-CC70-4878-AC96-547D629B0FB5}.Release|iPhone.Deploy.0 = Release|Any CPU
		{84FAC6A8-CC70-4878-AC96-547D629B0FB5}.Release|iPhoneSimulator.ActiveCfg = Release|Any CPU
		{84FAC6A8-CC70-4878-AC96-547D629B0FB5}.Release|iPhoneSimulator.Build.0 = Release|Any CPU
		{84FAC6A8-CC70-4878-AC96-547D629B0FB5}.Release|iPhoneSimulator.Deploy.0 = Release|Any CPU
		{4AD3B122-3A03-4326-9AC2-ED775E758723}.Debug|Any CPU.ActiveCfg = Debug|iPhone
		{4AD3B122-3A03-4326-9AC2-ED775E758723}.Debug|Any CPU.Build.0 = Debug|iPhone
		{4AD3B122-3A03-4326-9AC2-ED775E758723}.Debug|Any CPU.Deploy.0 = Debug|iPhone
		{4AD3B122-3A03-4326-9AC2-ED775E758723}.Debug|iPhone.ActiveCfg = Debug|iPhone
		{4AD3B122-3A03-4326-9AC2-ED775E758723}.Debug|iPhone.Build.0 = Debug|iPhone
		{4AD3B122-3A03-4326-9AC2-ED775E758723}.Debug|iPhone.Deploy.0 = Debug|iPhone
		{4AD3B122-3A03-4326-9AC2-ED775E758723}.Debug|iPhoneSimulator.ActiveCfg = Debug|iPhoneSimulator
		{4AD3B122-3A03-4326-9AC2-ED775E758723}.Debug|iPhoneSimulator.Build.0 = Debug|iPhoneSimulator
		{4AD3B122-3A03-4326-9AC2-ED775E758723}.Debug|iPhoneSimulator.Deploy.0 = Debug|iPhoneSimulator
		{4AD3B122-3A03-4326-9AC2-ED775E758723}.Release|Any CPU.ActiveCfg = Release|iPhoneSimulator
		{4AD3B122-3A03-4326-9AC2-ED775E758723}.Release|Any CPU.Build.0 = Release|iPhoneSimulator
		{4AD3B122-3A03-4326-9AC2-ED775E758723}.Release|Any CPU.Deploy.0 = Release|iPhoneSimulator
		{4AD3B122-3A03-4326-9AC2-ED775E758723}.Release|iPhone.ActiveCfg = Release|iPhone
		{4AD3B122-3A03-4326-9AC2-ED775E758723}.Release|iPhone.Build.0 = Release|iPhone
		{4AD3B122-3A03-4326-9AC2-ED775E758723}.Release|iPhone.Deploy.0 = Release|iPhone
		{4AD3B122-3A03-4326-9AC2-ED775E758723}.Release|iPhoneSimulator.ActiveCfg = Release|iPhoneSimulator
		{4AD3B122-3A03-4326-9AC2-ED775E758723}.Release|iPhoneSimulator.Build.0 = Release|iPhoneSimulator
		{4AD3B122-3A03-4326-9AC2-ED775E758723}.Release|iPhoneSimulator.Deploy.0 = Release|iPhoneSimulator
		{42EF6FC3-05EB-4641-86A3-52875497623C}.Debug|Any CPU.ActiveCfg = Debug|Any CPU
		{42EF6FC3-05EB-4641-86A3-52875497623C}.Debug|Any CPU.Build.0 = Debug|Any CPU
		{42EF6FC3-05EB-4641-86A3-52875497623C}.Debug|Any CPU.Deploy.0 = Debug|Any CPU
		{42EF6FC3-05EB-4641-86A3-52875497623C}.Debug|iPhone.ActiveCfg = Debug|Any CPU
		{42EF6FC3-05EB-4641-86A3-52875497623C}.Debug|iPhone.Build.0 = Debug|Any CPU
		{42EF6FC3-05EB-4641-86A3-52875497623C}.Debug|iPhone.Deploy.0 = Debug|Any CPU
		{42EF6FC3-05EB-4641-86A3-52875497623C}.Debug|iPhoneSimulator.ActiveCfg = Debug|Any CPU
		{42EF6FC3-05EB-4641-86A3-52875497623C}.Debug|iPhoneSimulator.Build.0 = Debug|Any CPU
		{42EF6FC3-05EB-4641-86A3-52875497623C}.Debug|iPhoneSimulator.Deploy.0 = Debug|Any CPU
		{42EF6FC3-05EB-4641-86A3-52875497623C}.Release|Any CPU.ActiveCfg = Release|Any CPU
		{42EF6FC3-05EB-4641-86A3-52875497623C}.Release|Any CPU.Build.0 = Release|Any CPU
		{42EF6FC3-05EB-4641-86A3-52875497623C}.Release|Any CPU.Deploy.0 = Release|Any CPU
		{42EF6FC3-05EB-4641-86A3-52875497623C}.Release|iPhone.ActiveCfg = Release|Any CPU
		{42EF6FC3-05EB-4641-86A3-52875497623C}.Release|iPhone.Build.0 = Release|Any CPU
		{42EF6FC3-05EB-4641-86A3-52875497623C}.Release|iPhone.Deploy.0 = Release|Any CPU
		{42EF6FC3-05EB-4641-86A3-52875497623C}.Release|iPhoneSimulator.ActiveCfg = Release|Any CPU
		{42EF6FC3-05EB-4641-86A3-52875497623C}.Release|iPhoneSimulator.Build.0 = Release|Any CPU
		{42EF6FC3-05EB-4641-86A3-52875497623C}.Release|iPhoneSimulator.Deploy.0 = Release|Any CPU
	EndGlobalSection
	GlobalSection(SolutionProperties) = preSolution
		HideSolutionNode = FALSE
	EndGlobalSection
	GlobalSection(ExtensibilityGlobals) = postSolution
		SolutionGuid = {9706CA16-F128-4F4F-BD8A-8A087155579A}
	EndGlobalSection
EndGlobal
